
Microsoft Visual Studio Solution File, Format Version 12.00
# Visual Studio 15
VisualStudioVersion = 15.0.28307.539
MinimumVisualStudioVersion = 10.0.40219.1
Project("{8BC9CEB8-8B4A-11D0-8D11-00A0C91BC942}") = "SG-Engine", "SG-Engine\SG-Engine.vcxproj", "{C7874EEC-CEC9-4731-8E3D-703A8731C912}"
EndProject
Project("{8BC9CEB8-8B4A-11D0-8D11-00A0C91BC942}") = "Playground", "Playground\Playground.vcxproj", "{EC849DD5-DD1F-49AD-90EF-19A37947E322}"
EndProject
Global
	GlobalSection(SolutionConfigurationPlatforms) = preSolution
		Debug|x64 = Debug|x64
		Release|x64 = Release|x64
	EndGlobalSection
	GlobalSection(ProjectConfigurationPlatforms) = postSolution
		{C7874EEC-CEC9-4731-8E3D-703A8731C912}.Debug|x64.ActiveCfg = Debug|x64
		{C7874EEC-CEC9-4731-8E3D-703A8731C912}.Debug|x64.Build.0 = Debug|x64
		{C7874EEC-CEC9-4731-8E3D-703A8731C912}.Release|x64.ActiveCfg = Release|x64
		{C7874EEC-CEC9-4731-8E3D-703A8731C912}.Release|x64.Build.0 = Release|x64
		{EC849DD5-DD1F-49AD-90EF-19A37947E322}.Debug|x64.ActiveCfg = Debug|x64
		{EC849DD5-DD1F-49AD-90EF-19A37947E322}.Debug|x64.Build.0 = Debug|x64
		{EC849DD5-DD1F-49AD-90EF-19A37947E322}.Release|x64.ActiveCfg = Release|x64
		{EC849DD5-DD1F-49AD-90EF-19A37947E322}.Release|x64.Build.0 = Release|x64
	EndGlobalSection
	GlobalSection(SolutionProperties) = preSolution
		HideSolutionNode = FALSE
	EndGlobalSection
	GlobalSection(ExtensibilityGlobals) = postSolution
		SolutionGuid = {F73B36EC-5D53-4F73-A4E3-AF23BE65E48C}
	EndGlobalSection
EndGlobal
